<Solution>
  <Project Path="FfmpegConverter.Cli/FfmpegConverter.Cli.csproj" />
  <Project Path="FfmpegConverter.Core/FfmpegConverter.Core.csproj" />
  <Project Path="FfmpegConverter.Gui/FfmpegConverter.Gui.csproj" />
  <Project Path="FfmpegConverter.Tests/FfmpegConverter.Tests.csproj" />
</Solution>
